
Microsoft Visual Studio Solution File, Format Version 12.00
# Visual Studio Version 17
VisualStudioVersion = 17.4.33122.133
MinimumVisualStudioVersion = 10.0.40219.1
Project("{FAE04EC0-301F-11D3-BF4B-00C04F79EFBC}") = "Tarefa1", "Tarefa1\Tarefa1.csproj", "{DD1FA2F4-D11A-45A0-BF45-C9C3EC26E68D}"
EndProject
Global
	GlobalSection(SolutionConfigurationPlatforms) = preSolution
		Debug|Any CPU = Debug|Any CPU
		Release|Any CPU = Release|Any CPU
	EndGlobalSection
	GlobalSection(ProjectConfigurationPlatforms) = postSolution
		{DD1FA2F4-D11A-45A0-BF45-C9C3EC26E68D}.Debug|Any CPU.ActiveCfg = Debug|Any CPU
		{DD1FA2F4-D11A-45A0-BF45-C9C3EC26E68D}.Debug|Any CPU.Build.0 = Debug|Any CPU
		{DD1FA2F4-D11A-45A0-BF45-C9C3EC26E68D}.Release|Any CPU.ActiveCfg = Release|Any CPU
		{DD1FA2F4-D11A-45A0-BF45-C9C3EC26E68D}.Release|Any CPU.Build.0 = Release|Any CPU
	EndGlobalSection
	GlobalSection(SolutionProperties) = preSolution
		HideSolutionNode = FALSE
	EndGlobalSection
	GlobalSection(ExtensibilityGlobals) = postSolution
		SolutionGuid = {91181032-EE3F-41C7-8D09-3F00F8D52AD9}
	EndGlobalSection
EndGlobal
